
Microsoft Visual Studio Solution File, Format Version 12.00
# Visual Studio Version 17
VisualStudioVersion = 17.5.33516.290
MinimumVisualStudioVersion = 10.0.40219.1
Project("{FAE04EC0-301F-11D3-BF4B-00C04F79EFBC}") = "lab16", "lab16\lab16.csproj", "{A2763EE0-8443-4FFB-8185-959F007AFFA9}"
EndProject
Global
	GlobalSection(SolutionConfigurationPlatforms) = preSolution
		Debug|Any CPU = Debug|Any CPU
		Release|Any CPU = Release|Any CPU
	EndGlobalSection
	GlobalSection(ProjectConfigurationPlatforms) = postSolution
		{A2763EE0-8443-4FFB-8185-959F007AFFA9}.Debug|Any CPU.ActiveCfg = Debug|Any CPU
		{A2763EE0-8443-4FFB-8185-959F007AFFA9}.Debug|Any CPU.Build.0 = Debug|Any CPU
		{A2763EE0-8443-4FFB-8185-959F007AFFA9}.Release|Any CPU.ActiveCfg = Release|Any CPU
		{A2763EE0-8443-4FFB-8185-959F007AFFA9}.Release|Any CPU.Build.0 = Release|Any CPU
	EndGlobalSection
	GlobalSection(SolutionProperties) = preSolution
		HideSolutionNode = FALSE
	EndGlobalSection
	GlobalSection(ExtensibilityGlobals) = postSolution
		SolutionGuid = {20CA86A8-88CB-4FFB-B422-F59F775C20A2}
	EndGlobalSection
EndGlobal
